
Microsoft Visual Studio Solution File, Format Version 12.00
# Visual Studio Version 17
VisualStudioVersion = 17.7.34202.233
MinimumVisualStudioVersion = 10.0.40219.1
Project("{FAE04EC0-301F-11D3-BF4B-00C04F79EFBC}") = "Tipo_dato_4", "Tipo_dato_4\Tipo_dato_4.csproj", "{A2C22493-1E2E-47D4-97BD-115C8F016DA2}"
EndProject
Global
	GlobalSection(SolutionConfigurationPlatforms) = preSolution
		Debug|Any CPU = Debug|Any CPU
		Release|Any CPU = Release|Any CPU
	EndGlobalSection
	GlobalSection(ProjectConfigurationPlatforms) = postSolution
		{A2C22493-1E2E-47D4-97BD-115C8F016DA2}.Debug|Any CPU.ActiveCfg = Debug|Any CPU
		{A2C22493-1E2E-47D4-97BD-115C8F016DA2}.Debug|Any CPU.Build.0 = Debug|Any CPU
		{A2C22493-1E2E-47D4-97BD-115C8F016DA2}.Release|Any CPU.ActiveCfg = Release|Any CPU
		{A2C22493-1E2E-47D4-97BD-115C8F016DA2}.Release|Any CPU.Build.0 = Release|Any CPU
	EndGlobalSection
	GlobalSection(SolutionProperties) = preSolution
		HideSolutionNode = FALSE
	EndGlobalSection
	GlobalSection(ExtensibilityGlobals) = postSolution
		SolutionGuid = {078BD9F9-F6E9-401A-A6C0-744D1A10002C}
	EndGlobalSection
EndGlobal
